
Microsoft Visual Studio Solution File, Format Version 12.00
# Visual Studio Version 17
VisualStudioVersion = 17.9.34622.214
MinimumVisualStudioVersion = 10.0.40219.1
Project("{FAE04EC0-301F-11D3-BF4B-00C04F79EFBC}") = "dockers_api", "dockers_api\dockers_api.csproj", "{0EA347DE-4B6E-4BE1-97C3-864577C1608E}"
EndProject
Global
	GlobalSection(SolutionConfigurationPlatforms) = preSolution
		Debug|Any CPU = Debug|Any CPU
		Release|Any CPU = Release|Any CPU
	EndGlobalSection
	GlobalSection(ProjectConfigurationPlatforms) = postSolution
		{0EA347DE-4B6E-4BE1-97C3-864577C1608E}.Debug|Any CPU.ActiveCfg = Debug|Any CPU
		{0EA347DE-4B6E-4BE1-97C3-864577C1608E}.Debug|Any CPU.Build.0 = Debug|Any CPU
		{0EA347DE-4B6E-4BE1-97C3-864577C1608E}.Release|Any CPU.ActiveCfg = Release|Any CPU
		{0EA347DE-4B6E-4BE1-97C3-864577C1608E}.Release|Any CPU.Build.0 = Release|Any CPU
	EndGlobalSection
	GlobalSection(SolutionProperties) = preSolution
		HideSolutionNode = FALSE
	EndGlobalSection
	GlobalSection(ExtensibilityGlobals) = postSolution
		SolutionGuid = {723EE1A4-CDC9-4B57-BAAA-A112810D23FE}
	EndGlobalSection
EndGlobal
